
Microsoft Visual Studio Solution File, Format Version 12.00
# Visual Studio Version 17
VisualStudioVersion = 17.13.35828.75 d17.13
MinimumVisualStudioVersion = 10.0.40219.1
Project("{FAE04EC0-301F-11D3-BF4B-00C04F79EFBC}") = "BoardGamesShop", "BoardGamesShop\BoardGamesShop.csproj", "{8A0958CC-B90E-4045-832B-FB0F95A90953}"
EndProject
Global
	GlobalSection(SolutionConfigurationPlatforms) = preSolution
		Debug|Any CPU = Debug|Any CPU
		Release|Any CPU = Release|Any CPU
	EndGlobalSection
	GlobalSection(ProjectConfigurationPlatforms) = postSolution
		{8A0958CC-B90E-4045-832B-FB0F95A90953}.Debug|Any CPU.ActiveCfg = Debug|Any CPU
		{8A0958CC-B90E-4045-832B-FB0F95A90953}.Debug|Any CPU.Build.0 = Debug|Any CPU
		{8A0958CC-B90E-4045-832B-FB0F95A90953}.Release|Any CPU.ActiveCfg = Release|Any CPU
		{8A0958CC-B90E-4045-832B-FB0F95A90953}.Release|Any CPU.Build.0 = Release|Any CPU
	EndGlobalSection
	GlobalSection(SolutionProperties) = preSolution
		HideSolutionNode = FALSE
	EndGlobalSection
	GlobalSection(ExtensibilityGlobals) = postSolution
		SolutionGuid = {AD2CDE92-E0AF-483D-882F-2555FF0B2091}
	EndGlobalSection
EndGlobal
